{
  "name": "tax",
  "lockfileVersion": 2,
  "requires": true,
  "packages": {
    "": {
      "dependencies": {
        "chart.js": "^4.4.1",
        "ng2-charts": "^5.0.4"
      }
    },
    "node_modules/@angular/cdk": {
      "version": "17.0.4",
      "resolved": "https://artifactory.corp.teranet.ca:443/artifactory/api/npm/lib-npm/@angular/cdk/-/cdk-17.0.4.tgz",
      "integrity": "sha1-Auqa6bhdKbbrGsTGOj/BdXZ7TVk=",
      "license": "MIT",
      "peer": true,
      "dependencies": {
        "tslib": "^2.3.0"
      },
      "optionalDependencies": {
        "parse5": "^7.1.2"
      },
      "peerDependencies": {
        "@angular/common": "^17.0.0 || ^18.0.0",
        "@angular/core": "^17.0.0 || ^18.0.0",
        "rxjs": "^6.5.3 || ^7.4.0"
      }
    },
    "node_modules/@angular/common": {
      "version": "17.0.6",
      "resolved": "https://artifactory.corp.teranet.ca:443/artifactory/api/npm/lib-npm/@angular/common/-/common-17.0.6.tgz",
      "integrity": "sha1-kkf2UDIAj7zjQgP5U8NbvJoAqsg=",
      "license": "MIT",
      "peer": true,
      "dependencies": {
        "tslib": "^2.3.0"
      },
      "engines": {
        "node": "^18.13.0 || >=20.9.0"
      },
      "peerDependencies": {
        "@angular/core": "17.0.6",
        "rxjs": "^6.5.3 || ^7.4.0"
      }
    },
    "node_modules/@angular/core": {
      "version": "17.0.6",
      "resolved": "https://artifactory.corp.teranet.ca:443/artifactory/api/npm/lib-npm/@angular/core/-/core-17.0.6.tgz",
      "integrity": "sha1-WeWtmkAAvHZHWtMDGXpyv/Vy+AI=",
      "license": "MIT",
      "peer": true,
      "dependencies": {
        "tslib": "^2.3.0"
      },
      "engines": {
        "node": "^18.13.0 || >=20.9.0"
      },
      "peerDependencies": {
        "rxjs": "^6.5.3 || ^7.4.0",
        "zone.js": "~0.14.0"
      }
    },
    "node_modules/@angular/platform-browser": {
      "version": "17.0.6",
      "resolved": "https://artifactory.corp.teranet.ca:443/artifactory/api/npm/lib-npm/@angular/platform-browser/-/platform-browser-17.0.6.tgz",
      "integrity": "sha1-PhYtX6Ay9jN5gZsI5FCIptyTAVk=",
      "license": "MIT",
      "peer": true,
      "dependencies": {
        "tslib": "^2.3.0"
      },
      "engines": {
        "node": "^18.13.0 || >=20.9.0"
      },
      "peerDependencies": {
        "@angular/animations": "17.0.6",
        "@angular/common": "17.0.6",
        "@angular/core": "17.0.6"
      },
      "peerDependenciesMeta": {
        "@angular/animations": {
          "optional": true
        }
      }
    },
    "node_modules/@kurkle/color": {
      "version": "0.3.2",
      "resolved": "https://artifactory.corp.teranet.ca:443/artifactory/api/npm/lib-npm/@kurkle/color/-/color-0.3.2.tgz",
      "integrity": "sha1-Ws04JC6L3k+ZhueRPI/fSdOqGZ8=",
      "license": "MIT"
    },
    "node_modules/chart.js": {
      "version": "4.4.1",
      "resolved": "https://artifactory.corp.teranet.ca:443/artifactory/api/npm/lib-npm/chart.js/-/chart.js-4.4.1.tgz",
      "integrity": "sha1-rF3A5pp3WJCRWKlv6AzkOzu5ap8=",
      "license": "MIT",
      "dependencies": {
        "@kurkle/color": "^0.3.0"
      },
      "engines": {
        "pnpm": ">=7"
      }
    },
    "node_modules/entities": {
      "version": "4.5.0",
      "resolved": "https://artifactory.corp.teranet.ca:443/artifactory/api/npm/lib-npm/entities/-/entities-4.5.0.tgz",
      "integrity": "sha1-XSaOpecRPsdMTQM7eepaNaSI+0g=",
      "license": "BSD-2-Clause",
      "optional": true,
      "peer": true,
      "engines": {
        "node": ">=0.12"
      },
      "funding": {
        "url": "https://github.com/fb55/entities?sponsor=1"
      }
    },
    "node_modules/lodash-es": {
      "version": "4.17.21",
      "resolved": "https://artifactory.corp.teranet.ca:443/artifactory/api/npm/lib-npm/lodash-es/-/lodash-es-4.17.21.tgz",
      "integrity": "sha1-Q+YmxG5lkbd1C+srUBFzkMYJ4+4=",
      "license": "MIT"
    },
    "node_modules/ng2-charts": {
      "version": "5.0.4",
      "resolved": "https://artifactory.corp.teranet.ca:443/artifactory/api/npm/lib-npm/ng2-charts/-/ng2-charts-5.0.4.tgz",
      "integrity": "sha1-MGQx6LKFMuIrzYd2IrmQwwZRZQg=",
      "license": "MIT",
      "dependencies": {
        "lodash-es": "^4.17.15",
        "tslib": "^2.3.0"
      },
      "peerDependencies": {
        "@angular/cdk": ">=16.0.0",
        "@angular/common": ">=16.0.0",
        "@angular/core": ">=16.0.0",
        "@angular/platform-browser": ">=16.0.0",
        "chart.js": "^3.4.0 || ^4.0.0",
        "rxjs": "^6.5.3 || ^7.4.0"
      }
    },
    "node_modules/parse5": {
      "version": "7.1.2",
      "resolved": "https://artifactory.corp.teranet.ca:443/artifactory/api/npm/lib-npm/parse5/-/parse5-7.1.2.tgz",
      "integrity": "sha1-Bza+u/13eTgjJAojt/xeAQt/jjI=",
      "license": "MIT",
      "optional": true,
      "peer": true,
      "dependencies": {
        "entities": "^4.4.0"
      },
      "funding": {
        "url": "https://github.com/inikulin/parse5?sponsor=1"
      }
    },
    "node_modules/rxjs": {
      "version": "7.8.1",
      "resolved": "https://artifactory.corp.teranet.ca:443/artifactory/api/npm/lib-npm/rxjs/-/rxjs-7.8.1.tgz",
      "integrity": "sha1-b289meqARCke/ZLnx/z1YsQFdUM=",
      "license": "Apache-2.0",
      "peer": true,
      "dependencies": {
        "tslib": "^2.1.0"
      }
    },
    "node_modules/tslib": {
      "version": "2.6.2",
      "resolved": "https://artifactory.corp.teranet.ca:443/artifactory/api/npm/lib-npm/tslib/-/tslib-2.6.2.tgz",
      "integrity": "sha1-cDrClCXns3zW/UVukkBNRtHz5K4=",
      "license": "0BSD"
    },
    "node_modules/zone.js": {
      "version": "0.14.2",
      "resolved": "https://artifactory.corp.teranet.ca:443/artifactory/api/npm/lib-npm/zone.js/-/zone.js-0.14.2.tgz",
      "integrity": "sha1-kbILJOirmlp08xntWjAA8jT/o7Y=",
      "license": "MIT",
      "peer": true,
      "dependencies": {
        "tslib": "^2.3.0"
      }
    }
  },
  "dependencies": {
    "@angular/cdk": {
      "version": "17.0.4",
      "resolved": "https://artifactory.corp.teranet.ca:443/artifactory/api/npm/lib-npm/@angular/cdk/-/cdk-17.0.4.tgz",
      "integrity": "sha1-Auqa6bhdKbbrGsTGOj/BdXZ7TVk=",
      "peer": true,
      "requires": {
        "parse5": "^7.1.2",
        "tslib": "^2.3.0"
      }
    },
    "@angular/common": {
      "version": "17.0.6",
      "resolved": "https://artifactory.corp.teranet.ca:443/artifactory/api/npm/lib-npm/@angular/common/-/common-17.0.6.tgz",
      "integrity": "sha1-kkf2UDIAj7zjQgP5U8NbvJoAqsg=",
      "peer": true,
      "requires": {
        "tslib": "^2.3.0"
      }
    },
    "@angular/core": {
      "version": "17.0.6",
      "resolved": "https://artifactory.corp.teranet.ca:443/artifactory/api/npm/lib-npm/@angular/core/-/core-17.0.6.tgz",
      "integrity": "sha1-WeWtmkAAvHZHWtMDGXpyv/Vy+AI=",
      "peer": true,
      "requires": {
        "tslib": "^2.3.0"
      }
    },
    "@angular/platform-browser": {
      "version": "17.0.6",
      "resolved": "https://artifactory.corp.teranet.ca:443/artifactory/api/npm/lib-npm/@angular/platform-browser/-/platform-browser-17.0.6.tgz",
      "integrity": "sha1-PhYtX6Ay9jN5gZsI5FCIptyTAVk=",
      "peer": true,
      "requires": {
        "tslib": "^2.3.0"
      }
    },
    "@kurkle/color": {
      "version": "0.3.2",
      "resolved": "https://artifactory.corp.teranet.ca:443/artifactory/api/npm/lib-npm/@kurkle/color/-/color-0.3.2.tgz",
      "integrity": "sha1-Ws04JC6L3k+ZhueRPI/fSdOqGZ8="
    },
    "chart.js": {
      "version": "4.4.1",
      "resolved": "https://artifactory.corp.teranet.ca:443/artifactory/api/npm/lib-npm/chart.js/-/chart.js-4.4.1.tgz",
      "integrity": "sha1-rF3A5pp3WJCRWKlv6AzkOzu5ap8=",
      "requires": {
        "@kurkle/color": "^0.3.0"
      }
    },
    "entities": {
      "version": "4.5.0",
      "resolved": "https://artifactory.corp.teranet.ca:443/artifactory/api/npm/lib-npm/entities/-/entities-4.5.0.tgz",
      "integrity": "sha1-XSaOpecRPsdMTQM7eepaNaSI+0g=",
      "optional": true,
      "peer": true
    },
    "lodash-es": {
      "version": "4.17.21",
      "resolved": "https://artifactory.corp.teranet.ca:443/artifactory/api/npm/lib-npm/lodash-es/-/lodash-es-4.17.21.tgz",
      "integrity": "sha1-Q+YmxG5lkbd1C+srUBFzkMYJ4+4="
    },
    "ng2-charts": {
      "version": "5.0.4",
      "resolved": "https://artifactory.corp.teranet.ca:443/artifactory/api/npm/lib-npm/ng2-charts/-/ng2-charts-5.0.4.tgz",
      "integrity": "sha1-MGQx6LKFMuIrzYd2IrmQwwZRZQg=",
      "requires": {
        "lodash-es": "^4.17.15",
        "tslib": "^2.3.0"
      }
    },
    "parse5": {
      "version": "7.1.2",
      "resolved": "https://artifactory.corp.teranet.ca:443/artifactory/api/npm/lib-npm/parse5/-/parse5-7.1.2.tgz",
      "integrity": "sha1-Bza+u/13eTgjJAojt/xeAQt/jjI=",
      "optional": true,
      "peer": true,
      "requires": {
        "entities": "^4.4.0"
      }
    },
    "rxjs": {
      "version": "7.8.1",
      "resolved": "https://artifactory.corp.teranet.ca:443/artifactory/api/npm/lib-npm/rxjs/-/rxjs-7.8.1.tgz",
      "integrity": "sha1-b289meqARCke/ZLnx/z1YsQFdUM=",
      "peer": true,
      "requires": {
        "tslib": "^2.1.0"
      }
    },
    "tslib": {
      "version": "2.6.2",
      "resolved": "https://artifactory.corp.teranet.ca:443/artifactory/api/npm/lib-npm/tslib/-/tslib-2.6.2.tgz",
      "integrity": "sha1-cDrClCXns3zW/UVukkBNRtHz5K4="
    },
    "zone.js": {
      "version": "0.14.2",
      "resolved": "https://artifactory.corp.teranet.ca:443/artifactory/api/npm/lib-npm/zone.js/-/zone.js-0.14.2.tgz",
      "integrity": "sha1-kbILJOirmlp08xntWjAA8jT/o7Y=",
      "peer": true,
      "requires": {
        "tslib": "^2.3.0"
      }
    }
  }
}
